{
    "_readme": [
        "This file locks the dependencies of your project to a known state",
        "Read more about it at https://getcomposer.org/doc/01-basic-usage.md#installing-dependencies",
        "This file is @generated automatically"
    ],
    "content-hash": "bc08e05acfdd6a6462404c92cb3eec11",
    "packages": [
        {
            "name": "entrilas/hyphenation-algorithm",
            "version": "v1.4",
            "source": {
                "type": "git",
                "url": "https://github.com/entrilas/hyphenation-algorithm.git",
                "reference": "3b0d0f0b5d0db087273462f287666e9ed2de5220"
            },
            "dist": {
                "type": "zip",
                "url": "https://api.github.com/repos/entrilas/hyphenation-algorithm/zipball/3b0d0f0b5d0db087273462f287666e9ed2de5220",
                "reference": "3b0d0f0b5d0db087273462f287666e9ed2de5220",
                "shasum": ""
            },
            "type": "library",
            "autoload": {
                "psr-4": {
                    "Hyphenation\\": "src/"
                }
            },
            "notification-url": "https://packagist.org/downloads/",
            "license": [
                "MIT"
            ],
            "authors": [
                {
                    "name": "entrilas",
                    "email": "arnasdulinskas@gmail.com"
                }
            ],
            "description": "This is hyphenation algorithm to hyphenate words using TeX algorithm.",
            "support": {
                "issues": "https://github.com/entrilas/hyphenation-algorithm/issues",
                "source": "https://github.com/entrilas/hyphenation-algorithm/tree/v1.4"
            },
            "time": "2022-02-24T10:02:11+00:00"
        }
    ],
    "packages-dev": [],
    "aliases": [],
    "minimum-stability": "stable",
    "stability-flags": [],
    "prefer-stable": false,
    "prefer-lowest": false,
    "platform": [],
    "platform-dev": [],
    "plugin-api-version": "2.2.0"
}
